
Microsoft Visual Studio Solution File, Format Version 12.00
# Visual Studio Version 17
VisualStudioVersion = 17.4.33205.214
MinimumVisualStudioVersion = 10.0.40219.1
Project("{9A19103F-16F7-4668-BE54-9A1E7A4F7556}") = "CarDealer", "CarDealer\CarDealer.csproj", "{6CD4CE8C-4237-4E30-A7E2-706332D80A95}"
EndProject
Project("{9A19103F-16F7-4668-BE54-9A1E7A4F7556}") = "Common", "Common\Common.csproj", "{8C3FD7E0-2B5B-4475-946E-0C7420372F4F}"
EndProject
Project("{9A19103F-16F7-4668-BE54-9A1E7A4F7556}") = "Data", "Data\Data.csproj", "{B0820F0C-4C6B-4AFD-A4C6-06100B1B72D9}"
EndProject
Project("{9A19103F-16F7-4668-BE54-9A1E7A4F7556}") = "Domain", "Domain\Domain.csproj", "{A589648E-3069-4127-B9F0-ADAFD1491EC2}"
EndProject
Global
	GlobalSection(SolutionConfigurationPlatforms) = preSolution
		Debug|Any CPU = Debug|Any CPU
		Release|Any CPU = Release|Any CPU
	EndGlobalSection
	GlobalSection(ProjectConfigurationPlatforms) = postSolution
		{6CD4CE8C-4237-4E30-A7E2-706332D80A95}.Debug|Any CPU.ActiveCfg = Debug|Any CPU
		{6CD4CE8C-4237-4E30-A7E2-706332D80A95}.Debug|Any CPU.Build.0 = Debug|Any CPU
		{6CD4CE8C-4237-4E30-A7E2-706332D80A95}.Release|Any CPU.ActiveCfg = Release|Any CPU
		{6CD4CE8C-4237-4E30-A7E2-706332D80A95}.Release|Any CPU.Build.0 = Release|Any CPU
		{8C3FD7E0-2B5B-4475-946E-0C7420372F4F}.Debug|Any CPU.ActiveCfg = Debug|Any CPU
		{8C3FD7E0-2B5B-4475-946E-0C7420372F4F}.Debug|Any CPU.Build.0 = Debug|Any CPU
		{8C3FD7E0-2B5B-4475-946E-0C7420372F4F}.Release|Any CPU.ActiveCfg = Release|Any CPU
		{8C3FD7E0-2B5B-4475-946E-0C7420372F4F}.Release|Any CPU.Build.0 = Release|Any CPU
		{B0820F0C-4C6B-4AFD-A4C6-06100B1B72D9}.Debug|Any CPU.ActiveCfg = Debug|Any CPU
		{B0820F0C-4C6B-4AFD-A4C6-06100B1B72D9}.Debug|Any CPU.Build.0 = Debug|Any CPU
		{B0820F0C-4C6B-4AFD-A4C6-06100B1B72D9}.Release|Any CPU.ActiveCfg = Release|Any CPU
		{B0820F0C-4C6B-4AFD-A4C6-06100B1B72D9}.Release|Any CPU.Build.0 = Release|Any CPU
		{A589648E-3069-4127-B9F0-ADAFD1491EC2}.Debug|Any CPU.ActiveCfg = Debug|Any CPU
		{A589648E-3069-4127-B9F0-ADAFD1491EC2}.Debug|Any CPU.Build.0 = Debug|Any CPU
		{A589648E-3069-4127-B9F0-ADAFD1491EC2}.Release|Any CPU.ActiveCfg = Release|Any CPU
		{A589648E-3069-4127-B9F0-ADAFD1491EC2}.Release|Any CPU.Build.0 = Release|Any CPU
	EndGlobalSection
	GlobalSection(SolutionProperties) = preSolution
		HideSolutionNode = FALSE
	EndGlobalSection
	GlobalSection(ExtensibilityGlobals) = postSolution
		SolutionGuid = {5E3E1DB2-50C5-4498-830D-12EAFF90FFB1}
	EndGlobalSection
EndGlobal
