
Microsoft Visual Studio Solution File, Format Version 12.00
# Visual Studio 2013
VisualStudioVersion = 12.0.21005.1
MinimumVisualStudioVersion = 10.0.40219.1
Project("{FAE04EC0-301F-11D3-BF4B-00C04F79EFBC}") = "spaEmpty", "spaEmpty\spaEmpty.csproj", "{84CE6E38-51BE-4F85-9C6D-86644CD034AB}"
EndProject
Global
	GlobalSection(SolutionConfigurationPlatforms) = preSolution
		Debug|Any CPU = Debug|Any CPU
		Release|Any CPU = Release|Any CPU
	EndGlobalSection
	GlobalSection(ProjectConfigurationPlatforms) = postSolution
		{84CE6E38-51BE-4F85-9C6D-86644CD034AB}.Debug|Any CPU.ActiveCfg = Debug|Any CPU
		{84CE6E38-51BE-4F85-9C6D-86644CD034AB}.Debug|Any CPU.Build.0 = Debug|Any CPU
		{84CE6E38-51BE-4F85-9C6D-86644CD034AB}.Release|Any CPU.ActiveCfg = Release|Any CPU
		{84CE6E38-51BE-4F85-9C6D-86644CD034AB}.Release|Any CPU.Build.0 = Release|Any CPU
	EndGlobalSection
	GlobalSection(SolutionProperties) = preSolution
		HideSolutionNode = FALSE
	EndGlobalSection
EndGlobal
