
Microsoft Visual Studio Solution File, Format Version 12.00
# Visual Studio Version 16
VisualStudioVersion = 16.0.30114.105
MinimumVisualStudioVersion = 10.0.40219.1
Project("{888888A0-9F3D-457C-B088-3A5042F75D52}") = "etljob", "etljob\etljob.pyproj", "{3E7D8179-9B7B-48DA-8C49-518C47515032}"
EndProject
Global
	GlobalSection(SolutionConfigurationPlatforms) = preSolution
		Debug|Any CPU = Debug|Any CPU
		Release|Any CPU = Release|Any CPU
	EndGlobalSection
	GlobalSection(ProjectConfigurationPlatforms) = postSolution
		{3E7D8179-9B7B-48DA-8C49-518C47515032}.Debug|Any CPU.ActiveCfg = Debug|Any CPU
		{3E7D8179-9B7B-48DA-8C49-518C47515032}.Release|Any CPU.ActiveCfg = Release|Any CPU
	EndGlobalSection
	GlobalSection(SolutionProperties) = preSolution
		HideSolutionNode = FALSE
	EndGlobalSection
	GlobalSection(ExtensibilityGlobals) = postSolution
		SolutionGuid = {4D9A9521-2C1B-4F0D-930C-9A35D8349BC8}
	EndGlobalSection
EndGlobal
